
Microsoft Visual Studio Solution File, Format Version 12.00
# Visual Studio 15
Project("{FAE04EC0-301F-11D3-BF4B-00C04F79EFBC}") = "UnityEngine.TestRunner", "UnityEngine.TestRunner.csproj", "{4392D983-FC8B-5C0B-ADFA-321BAAE0C9C0}"
EndProject
Project("{FAE04EC0-301F-11D3-BF4B-00C04F79EFBC}") = "Unity.Mathematics", "Unity.Mathematics.csproj", "{F6713315-D255-1657-7E56-C164A98F9C9E}"
EndProject
Project("{FAE04EC0-301F-11D3-BF4B-00C04F79EFBC}") = "Unity.2D.Animation.Triangle.Runtime", "Unity.2D.Animation.Triangle.Runtime.csproj", "{D44F9ABE-2EDD-B8FC-E9C3-B026178D57D2}"
EndProject
Project("{FAE04EC0-301F-11D3-BF4B-00C04F79EFBC}") = "Unity.Timeline", "Unity.Timeline.csproj", "{EFABEC99-00A2-81C6-34BC-4BB1B016DC34}"
EndProject
Project("{FAE04EC0-301F-11D3-BF4B-00C04F79EFBC}") = "UnityEngine.UI", "UnityEngine.UI.csproj", "{7AFB1098-69A5-E2FB-CBF3-F40C1BB8E115}"
EndProject
Project("{FAE04EC0-301F-11D3-BF4B-00C04F79EFBC}") = "Unity.TextMeshPro", "Unity.TextMeshPro.csproj", "{398F5908-F62A-591B-E1EB-2DE764832EAE}"
EndProject
Project("{FAE04EC0-301F-11D3-BF4B-00C04F79EFBC}") = "Unity.2D.Animation.Runtime", "Unity.2D.Animation.Runtime.csproj", "{4464E711-8B12-331F-237D-830A2228EA02}"
EndProject
Project("{FAE04EC0-301F-11D3-BF4B-00C04F79EFBC}") = "Unity.2D.IK.Runtime", "Unity.2D.IK.Runtime.csproj", "{5ACB8236-10B1-0707-A2F2-BAB0E86C3E58}"
EndProject
Project("{FAE04EC0-301F-11D3-BF4B-00C04F79EFBC}") = "Unity.2D.SpriteShape.Runtime", "Unity.2D.SpriteShape.Runtime.csproj", "{390F5413-9131-1670-83AD-A3F00BBD470A}"
EndProject
Project("{FAE04EC0-301F-11D3-BF4B-00C04F79EFBC}") = "Unity.2D.PixelPerfect", "Unity.2D.PixelPerfect.csproj", "{15EEA03F-E436-958B-CFA8-3A057049486E}"
EndProject
Project("{FAE04EC0-301F-11D3-BF4B-00C04F79EFBC}") = "Assembly-CSharp", "Assembly-CSharp.csproj", "{47A9F6CF-A0C3-7B9A-B398-2EC309767164}"
EndProject
Project("{FAE04EC0-301F-11D3-BF4B-00C04F79EFBC}") = "Unity.2D.Common.Runtime", "Unity.2D.Common.Runtime.csproj", "{06F009C6-12FB-B5D3-AD63-3C0321A5FEA1}"
EndProject
Project("{FAE04EC0-301F-11D3-BF4B-00C04F79EFBC}") = "Unity.InternalAPIEngineBridge.001", "Unity.InternalAPIEngineBridge.001.csproj", "{904A8438-E3B4-05C6-9ECF-55E010C48F78}"
EndProject
Project("{FAE04EC0-301F-11D3-BF4B-00C04F79EFBC}") = "UnityEditor.TestRunner", "UnityEditor.TestRunner.csproj", "{58DAE474-9342-3A34-0791-254C5CD7C91E}"
EndProject
Project("{FAE04EC0-301F-11D3-BF4B-00C04F79EFBC}") = "Unity.PlasticSCM.Editor", "Unity.PlasticSCM.Editor.csproj", "{E74AC344-6CB3-D6B6-BBB2-E0A171122044}"
EndProject
Project("{FAE04EC0-301F-11D3-BF4B-00C04F79EFBC}") = "UnityEditor.UI", "UnityEditor.UI.csproj", "{B727F594-906E-68F6-F5E9-D400BE6F93DB}"
EndProject
Project("{FAE04EC0-301F-11D3-BF4B-00C04F79EFBC}") = "Unity.Timeline.Editor", "Unity.Timeline.Editor.csproj", "{C27B264E-EA7F-C7B0-A2EF-2F3995F5E3DB}"
EndProject
Project("{FAE04EC0-301F-11D3-BF4B-00C04F79EFBC}") = "Unity.VisualStudio.Editor", "Unity.VisualStudio.Editor.csproj", "{71C5836A-D495-CD9F-DF2B-7C545AAE48B3}"
EndProject
Project("{FAE04EC0-301F-11D3-BF4B-00C04F79EFBC}") = "Unity.2D.Psdimporter.Editor", "Unity.2D.Psdimporter.Editor.csproj", "{AD114383-C9E7-FCC3-B8E9-BBEA512B125B}"
EndProject
Project("{FAE04EC0-301F-11D3-BF4B-00C04F79EFBC}") = "Unity.2D.Animation.Editor", "Unity.2D.Animation.Editor.csproj", "{D3117F0A-99BF-4815-3270-6E4CBFC20D58}"
EndProject
Project("{FAE04EC0-301F-11D3-BF4B-00C04F79EFBC}") = "Unity.TextMeshPro.Editor", "Unity.TextMeshPro.Editor.csproj", "{704949DD-75B5-640E-E370-FEBF5DF58A8B}"
EndProject
Project("{FAE04EC0-301F-11D3-BF4B-00C04F79EFBC}") = "Unity.2D.SpriteShape.Editor", "Unity.2D.SpriteShape.Editor.csproj", "{402B2801-7B56-10C1-936D-0021E523B267}"
EndProject
Project("{FAE04EC0-301F-11D3-BF4B-00C04F79EFBC}") = "Unity.CollabProxy.Editor", "Unity.CollabProxy.Editor.csproj", "{E39416D3-0A61-DEE0-F6BB-ED2427343A3D}"
EndProject
Project("{FAE04EC0-301F-11D3-BF4B-00C04F79EFBC}") = "PsdPlugin", "PsdPlugin.csproj", "{F305DB47-FB09-19AA-F8CD-D50C0A661EAF}"
EndProject
Project("{FAE04EC0-301F-11D3-BF4B-00C04F79EFBC}") = "Unity.2D.Path.Editor", "Unity.2D.Path.Editor.csproj", "{600B1EFB-DDA8-DFAA-536B-0E47E3E02502}"
EndProject
Project("{FAE04EC0-301F-11D3-BF4B-00C04F79EFBC}") = "Unity.Rider.Editor", "Unity.Rider.Editor.csproj", "{E37C53F7-3A68-5373-5D51-E5B5C61A106B}"
EndProject
Project("{FAE04EC0-301F-11D3-BF4B-00C04F79EFBC}") = "Unity.2D.IK.Editor", "Unity.2D.IK.Editor.csproj", "{BD04C8D0-127A-19ED-BD41-2895229D31FB}"
EndProject
Project("{FAE04EC0-301F-11D3-BF4B-00C04F79EFBC}") = "Unity.2D.Sprite.Editor", "Unity.2D.Sprite.Editor.csproj", "{213354CD-CCD9-036F-C75B-EFFC4782C23F}"
EndProject
Project("{FAE04EC0-301F-11D3-BF4B-00C04F79EFBC}") = "Unity.2D.Tilemap.Editor", "Unity.2D.Tilemap.Editor.csproj", "{489B68E5-C0B5-1B13-C041-53D1AA3713E2}"
EndProject
Project("{FAE04EC0-301F-11D3-BF4B-00C04F79EFBC}") = "Unity.2D.PixelPerfect.Editor", "Unity.2D.PixelPerfect.Editor.csproj", "{9E078BCA-26CB-8CB7-292C-25251B14D3B6}"
EndProject
Project("{FAE04EC0-301F-11D3-BF4B-00C04F79EFBC}") = "Unity.VSCode.Editor", "Unity.VSCode.Editor.csproj", "{579C679B-7316-D69D-121E-31C0D032046A}"
EndProject
Project("{FAE04EC0-301F-11D3-BF4B-00C04F79EFBC}") = "Unity.2D.Common.Editor", "Unity.2D.Common.Editor.csproj", "{1D0CC74D-0481-007D-CFE0-83F0C7665005}"
EndProject
Project("{FAE04EC0-301F-11D3-BF4B-00C04F79EFBC}") = "Unity.Mathematics.Editor", "Unity.Mathematics.Editor.csproj", "{49E3E534-41DE-423E-1EE9-EF8C8AD79271}"
EndProject
Project("{FAE04EC0-301F-11D3-BF4B-00C04F79EFBC}") = "Unity.InternalAPIEditorBridge.001", "Unity.InternalAPIEditorBridge.001.csproj", "{0B807061-8944-7F0E-81D2-D810E607BCC8}"
EndProject
Global
	GlobalSection(SolutionConfigurationPlatforms) = preSolution
		Debug|Any CPU = Debug|Any CPU
		Release|Any CPU = Release|Any CPU
	EndGlobalSection
	GlobalSection(ProjectConfigurationPlatforms) = postSolution
		{4392D983-FC8B-5C0B-ADFA-321BAAE0C9C0}.Debug|Any CPU.ActiveCfg = Debug|Any CPU
		{4392D983-FC8B-5C0B-ADFA-321BAAE0C9C0}.Debug|Any CPU.Build.0 = Debug|Any CPU
		{4392D983-FC8B-5C0B-ADFA-321BAAE0C9C0}.Release|Any CPU.ActiveCfg = Release|Any CPU
		{4392D983-FC8B-5C0B-ADFA-321BAAE0C9C0}.Release|Any CPU.Build.0 = Release|Any CPU
		{F6713315-D255-1657-7E56-C164A98F9C9E}.Debug|Any CPU.ActiveCfg = Debug|Any CPU
		{F6713315-D255-1657-7E56-C164A98F9C9E}.Debug|Any CPU.Build.0 = Debug|Any CPU
		{F6713315-D255-1657-7E56-C164A98F9C9E}.Release|Any CPU.ActiveCfg = Release|Any CPU
		{F6713315-D255-1657-7E56-C164A98F9C9E}.Release|Any CPU.Build.0 = Release|Any CPU
		{D44F9ABE-2EDD-B8FC-E9C3-B026178D57D2}.Debug|Any CPU.ActiveCfg = Debug|Any CPU
		{D44F9ABE-2EDD-B8FC-E9C3-B026178D57D2}.Debug|Any CPU.Build.0 = Debug|Any CPU
		{D44F9ABE-2EDD-B8FC-E9C3-B026178D57D2}.Release|Any CPU.ActiveCfg = Release|Any CPU
		{D44F9ABE-2EDD-B8FC-E9C3-B026178D57D2}.Release|Any CPU.Build.0 = Release|Any CPU
		{EFABEC99-00A2-81C6-34BC-4BB1B016DC34}.Debug|Any CPU.ActiveCfg = Debug|Any CPU
		{EFABEC99-00A2-81C6-34BC-4BB1B016DC34}.Debug|Any CPU.Build.0 = Debug|Any CPU
		{EFABEC99-00A2-81C6-34BC-4BB1B016DC34}.Release|Any CPU.ActiveCfg = Release|Any CPU
		{EFABEC99-00A2-81C6-34BC-4BB1B016DC34}.Release|Any CPU.Build.0 = Release|Any CPU
		{7AFB1098-69A5-E2FB-CBF3-F40C1BB8E115}.Debug|Any CPU.ActiveCfg = Debug|Any CPU
		{7AFB1098-69A5-E2FB-CBF3-F40C1BB8E115}.Debug|Any CPU.Build.0 = Debug|Any CPU
		{7AFB1098-69A5-E2FB-CBF3-F40C1BB8E115}.Release|Any CPU.ActiveCfg = Release|Any CPU
		{7AFB1098-69A5-E2FB-CBF3-F40C1BB8E115}.Release|Any CPU.Build.0 = Release|Any CPU
		{398F5908-F62A-591B-E1EB-2DE764832EAE}.Debug|Any CPU.ActiveCfg = Debug|Any CPU
		{398F5908-F62A-591B-E1EB-2DE764832EAE}.Debug|Any CPU.Build.0 = Debug|Any CPU
		{398F5908-F62A-591B-E1EB-2DE764832EAE}.Release|Any CPU.ActiveCfg = Release|Any CPU
		{398F5908-F62A-591B-E1EB-2DE764832EAE}.Release|Any CPU.Build.0 = Release|Any CPU
		{4464E711-8B12-331F-237D-830A2228EA02}.Debug|Any CPU.ActiveCfg = Debug|Any CPU
		{4464E711-8B12-331F-237D-830A2228EA02}.Debug|Any CPU.Build.0 = Debug|Any CPU
		{4464E711-8B12-331F-237D-830A2228EA02}.Release|Any CPU.ActiveCfg = Release|Any CPU
		{4464E711-8B12-331F-237D-830A2228EA02}.Release|Any CPU.Build.0 = Release|Any CPU
		{5ACB8236-10B1-0707-A2F2-BAB0E86C3E58}.Debug|Any CPU.ActiveCfg = Debug|Any CPU
		{5ACB8236-10B1-0707-A2F2-BAB0E86C3E58}.Debug|Any CPU.Build.0 = Debug|Any CPU
		{5ACB8236-10B1-0707-A2F2-BAB0E86C3E58}.Release|Any CPU.ActiveCfg = Release|Any CPU
		{5ACB8236-10B1-0707-A2F2-BAB0E86C3E58}.Release|Any CPU.Build.0 = Release|Any CPU
		{390F5413-9131-1670-83AD-A3F00BBD470A}.Debug|Any CPU.ActiveCfg = Debug|Any CPU
		{390F5413-9131-1670-83AD-A3F00BBD470A}.Debug|Any CPU.Build.0 = Debug|Any CPU
		{390F5413-9131-1670-83AD-A3F00BBD470A}.Release|Any CPU.ActiveCfg = Release|Any CPU
		{390F5413-9131-1670-83AD-A3F00BBD470A}.Release|Any CPU.Build.0 = Release|Any CPU
		{15EEA03F-E436-958B-CFA8-3A057049486E}.Debug|Any CPU.ActiveCfg = Debug|Any CPU
		{15EEA03F-E436-958B-CFA8-3A057049486E}.Debug|Any CPU.Build.0 = Debug|Any CPU
		{15EEA03F-E436-958B-CFA8-3A057049486E}.Release|Any CPU.ActiveCfg = Release|Any CPU
		{15EEA03F-E436-958B-CFA8-3A057049486E}.Release|Any CPU.Build.0 = Release|Any CPU
		{47A9F6CF-A0C3-7B9A-B398-2EC309767164}.Debug|Any CPU.ActiveCfg = Debug|Any CPU
		{47A9F6CF-A0C3-7B9A-B398-2EC309767164}.Debug|Any CPU.Build.0 = Debug|Any CPU
		{47A9F6CF-A0C3-7B9A-B398-2EC309767164}.Release|Any CPU.ActiveCfg = Release|Any CPU
		{47A9F6CF-A0C3-7B9A-B398-2EC309767164}.Release|Any CPU.Build.0 = Release|Any CPU
		{06F009C6-12FB-B5D3-AD63-3C0321A5FEA1}.Debug|Any CPU.ActiveCfg = Debug|Any CPU
		{06F009C6-12FB-B5D3-AD63-3C0321A5FEA1}.Debug|Any CPU.Build.0 = Debug|Any CPU
		{06F009C6-12FB-B5D3-AD63-3C0321A5FEA1}.Release|Any CPU.ActiveCfg = Release|Any CPU
		{06F009C6-12FB-B5D3-AD63-3C0321A5FEA1}.Release|Any CPU.Build.0 = Release|Any CPU
		{904A8438-E3B4-05C6-9ECF-55E010C48F78}.Debug|Any CPU.ActiveCfg = Debug|Any CPU
		{904A8438-E3B4-05C6-9ECF-55E010C48F78}.Debug|Any CPU.Build.0 = Debug|Any CPU
		{904A8438-E3B4-05C6-9ECF-55E010C48F78}.Release|Any CPU.ActiveCfg = Release|Any CPU
		{904A8438-E3B4-05C6-9ECF-55E010C48F78}.Release|Any CPU.Build.0 = Release|Any CPU
		{58DAE474-9342-3A34-0791-254C5CD7C91E}.Debug|Any CPU.ActiveCfg = Debug|Any CPU
		{58DAE474-9342-3A34-0791-254C5CD7C91E}.Debug|Any CPU.Build.0 = Debug|Any CPU
		{58DAE474-9342-3A34-0791-254C5CD7C91E}.Release|Any CPU.ActiveCfg = Release|Any CPU
		{58DAE474-9342-3A34-0791-254C5CD7C91E}.Release|Any CPU.Build.0 = Release|Any CPU
		{E74AC344-6CB3-D6B6-BBB2-E0A171122044}.Debug|Any CPU.ActiveCfg = Debug|Any CPU
		{E74AC344-6CB3-D6B6-BBB2-E0A171122044}.Debug|Any CPU.Build.0 = Debug|Any CPU
		{E74AC344-6CB3-D6B6-BBB2-E0A171122044}.Release|Any CPU.ActiveCfg = Release|Any CPU
		{E74AC344-6CB3-D6B6-BBB2-E0A171122044}.Release|Any CPU.Build.0 = Release|Any CPU
		{B727F594-906E-68F6-F5E9-D400BE6F93DB}.Debug|Any CPU.ActiveCfg = Debug|Any CPU
		{B727F594-906E-68F6-F5E9-D400BE6F93DB}.Debug|Any CPU.Build.0 = Debug|Any CPU
		{B727F594-906E-68F6-F5E9-D400BE6F93DB}.Release|Any CPU.ActiveCfg = Release|Any CPU
		{B727F594-906E-68F6-F5E9-D400BE6F93DB}.Release|Any CPU.Build.0 = Release|Any CPU
		{C27B264E-EA7F-C7B0-A2EF-2F3995F5E3DB}.Debug|Any CPU.ActiveCfg = Debug|Any CPU
		{C27B264E-EA7F-C7B0-A2EF-2F3995F5E3DB}.Debug|Any CPU.Build.0 = Debug|Any CPU
		{C27B264E-EA7F-C7B0-A2EF-2F3995F5E3DB}.Release|Any CPU.ActiveCfg = Release|Any CPU
		{C27B264E-EA7F-C7B0-A2EF-2F3995F5E3DB}.Release|Any CPU.Build.0 = Release|Any CPU
		{71C5836A-D495-CD9F-DF2B-7C545AAE48B3}.Debug|Any CPU.ActiveCfg = Debug|Any CPU
		{71C5836A-D495-CD9F-DF2B-7C545AAE48B3}.Debug|Any CPU.Build.0 = Debug|Any CPU
		{71C5836A-D495-CD9F-DF2B-7C545AAE48B3}.Release|Any CPU.ActiveCfg = Release|Any CPU
		{71C5836A-D495-CD9F-DF2B-7C545AAE48B3}.Release|Any CPU.Build.0 = Release|Any CPU
		{AD114383-C9E7-FCC3-B8E9-BBEA512B125B}.Debug|Any CPU.ActiveCfg = Debug|Any CPU
		{AD114383-C9E7-FCC3-B8E9-BBEA512B125B}.Debug|Any CPU.Build.0 = Debug|Any CPU
		{AD114383-C9E7-FCC3-B8E9-BBEA512B125B}.Release|Any CPU.ActiveCfg = Release|Any CPU
		{AD114383-C9E7-FCC3-B8E9-BBEA512B125B}.Release|Any CPU.Build.0 = Release|Any CPU
		{D3117F0A-99BF-4815-3270-6E4CBFC20D58}.Debug|Any CPU.ActiveCfg = Debug|Any CPU
		{D3117F0A-99BF-4815-3270-6E4CBFC20D58}.Debug|Any CPU.Build.0 = Debug|Any CPU
		{D3117F0A-99BF-4815-3270-6E4CBFC20D58}.Release|Any CPU.ActiveCfg = Release|Any CPU
		{D3117F0A-99BF-4815-3270-6E4CBFC20D58}.Release|Any CPU.Build.0 = Release|Any CPU
		{704949DD-75B5-640E-E370-FEBF5DF58A8B}.Debug|Any CPU.ActiveCfg = Debug|Any CPU
		{704949DD-75B5-640E-E370-FEBF5DF58A8B}.Debug|Any CPU.Build.0 = Debug|Any CPU
		{704949DD-75B5-640E-E370-FEBF5DF58A8B}.Release|Any CPU.ActiveCfg = Release|Any CPU
		{704949DD-75B5-640E-E370-FEBF5DF58A8B}.Release|Any CPU.Build.0 = Release|Any CPU
		{402B2801-7B56-10C1-936D-0021E523B267}.Debug|Any CPU.ActiveCfg = Debug|Any CPU
		{402B2801-7B56-10C1-936D-0021E523B267}.Debug|Any CPU.Build.0 = Debug|Any CPU
		{402B2801-7B56-10C1-936D-0021E523B267}.Release|Any CPU.ActiveCfg = Release|Any CPU
		{402B2801-7B56-10C1-936D-0021E523B267}.Release|Any CPU.Build.0 = Release|Any CPU
		{E39416D3-0A61-DEE0-F6BB-ED2427343A3D}.Debug|Any CPU.ActiveCfg = Debug|Any CPU
		{E39416D3-0A61-DEE0-F6BB-ED2427343A3D}.Debug|Any CPU.Build.0 = Debug|Any CPU
		{E39416D3-0A61-DEE0-F6BB-ED2427343A3D}.Release|Any CPU.ActiveCfg = Release|Any CPU
		{E39416D3-0A61-DEE0-F6BB-ED2427343A3D}.Release|Any CPU.Build.0 = Release|Any CPU
		{F305DB47-FB09-19AA-F8CD-D50C0A661EAF}.Debug|Any CPU.ActiveCfg = Debug|Any CPU
		{F305DB47-FB09-19AA-F8CD-D50C0A661EAF}.Debug|Any CPU.Build.0 = Debug|Any CPU
		{F305DB47-FB09-19AA-F8CD-D50C0A661EAF}.Release|Any CPU.ActiveCfg = Release|Any CPU
		{F305DB47-FB09-19AA-F8CD-D50C0A661EAF}.Release|Any CPU.Build.0 = Release|Any CPU
		{600B1EFB-DDA8-DFAA-536B-0E47E3E02502}.Debug|Any CPU.ActiveCfg = Debug|Any CPU
		{600B1EFB-DDA8-DFAA-536B-0E47E3E02502}.Debug|Any CPU.Build.0 = Debug|Any CPU
		{600B1EFB-DDA8-DFAA-536B-0E47E3E02502}.Release|Any CPU.ActiveCfg = Release|Any CPU
		{600B1EFB-DDA8-DFAA-536B-0E47E3E02502}.Release|Any CPU.Build.0 = Release|Any CPU
		{E37C53F7-3A68-5373-5D51-E5B5C61A106B}.Debug|Any CPU.ActiveCfg = Debug|Any CPU
		{E37C53F7-3A68-5373-5D51-E5B5C61A106B}.Debug|Any CPU.Build.0 = Debug|Any CPU
		{E37C53F7-3A68-5373-5D51-E5B5C61A106B}.Release|Any CPU.ActiveCfg = Release|Any CPU
		{E37C53F7-3A68-5373-5D51-E5B5C61A106B}.Release|Any CPU.Build.0 = Release|Any CPU
		{BD04C8D0-127A-19ED-BD41-2895229D31FB}.Debug|Any CPU.ActiveCfg = Debug|Any CPU
		{BD04C8D0-127A-19ED-BD41-2895229D31FB}.Debug|Any CPU.Build.0 = Debug|Any CPU
		{BD04C8D0-127A-19ED-BD41-2895229D31FB}.Release|Any CPU.ActiveCfg = Release|Any CPU
		{BD04C8D0-127A-19ED-BD41-2895229D31FB}.Release|Any CPU.Build.0 = Release|Any CPU
		{213354CD-CCD9-036F-C75B-EFFC4782C23F}.Debug|Any CPU.ActiveCfg = Debug|Any CPU
		{213354CD-CCD9-036F-C75B-EFFC4782C23F}.Debug|Any CPU.Build.0 = Debug|Any CPU
		{213354CD-CCD9-036F-C75B-EFFC4782C23F}.Release|Any CPU.ActiveCfg = Release|Any CPU
		{213354CD-CCD9-036F-C75B-EFFC4782C23F}.Release|Any CPU.Build.0 = Release|Any CPU
		{489B68E5-C0B5-1B13-C041-53D1AA3713E2}.Debug|Any CPU.ActiveCfg = Debug|Any CPU
		{489B68E5-C0B5-1B13-C041-53D1AA3713E2}.Debug|Any CPU.Build.0 = Debug|Any CPU
		{489B68E5-C0B5-1B13-C041-53D1AA3713E2}.Release|Any CPU.ActiveCfg = Release|Any CPU
		{489B68E5-C0B5-1B13-C041-53D1AA3713E2}.Release|Any CPU.Build.0 = Release|Any CPU
		{9E078BCA-26CB-8CB7-292C-25251B14D3B6}.Debug|Any CPU.ActiveCfg = Debug|Any CPU
		{9E078BCA-26CB-8CB7-292C-25251B14D3B6}.Debug|Any CPU.Build.0 = Debug|Any CPU
		{9E078BCA-26CB-8CB7-292C-25251B14D3B6}.Release|Any CPU.ActiveCfg = Release|Any CPU
		{9E078BCA-26CB-8CB7-292C-25251B14D3B6}.Release|Any CPU.Build.0 = Release|Any CPU
		{579C679B-7316-D69D-121E-31C0D032046A}.Debug|Any CPU.ActiveCfg = Debug|Any CPU
		{579C679B-7316-D69D-121E-31C0D032046A}.Debug|Any CPU.Build.0 = Debug|Any CPU
		{579C679B-7316-D69D-121E-31C0D032046A}.Release|Any CPU.ActiveCfg = Release|Any CPU
		{579C679B-7316-D69D-121E-31C0D032046A}.Release|Any CPU.Build.0 = Release|Any CPU
		{1D0CC74D-0481-007D-CFE0-83F0C7665005}.Debug|Any CPU.ActiveCfg = Debug|Any CPU
		{1D0CC74D-0481-007D-CFE0-83F0C7665005}.Debug|Any CPU.Build.0 = Debug|Any CPU
		{1D0CC74D-0481-007D-CFE0-83F0C7665005}.Release|Any CPU.ActiveCfg = Release|Any CPU
		{1D0CC74D-0481-007D-CFE0-83F0C7665005}.Release|Any CPU.Build.0 = Release|Any CPU
		{49E3E534-41DE-423E-1EE9-EF8C8AD79271}.Debug|Any CPU.ActiveCfg = Debug|Any CPU
		{49E3E534-41DE-423E-1EE9-EF8C8AD79271}.Debug|Any CPU.Build.0 = Debug|Any CPU
		{49E3E534-41DE-423E-1EE9-EF8C8AD79271}.Release|Any CPU.ActiveCfg = Release|Any CPU
		{49E3E534-41DE-423E-1EE9-EF8C8AD79271}.Release|Any CPU.Build.0 = Release|Any CPU
		{0B807061-8944-7F0E-81D2-D810E607BCC8}.Debug|Any CPU.ActiveCfg = Debug|Any CPU
		{0B807061-8944-7F0E-81D2-D810E607BCC8}.Debug|Any CPU.Build.0 = Debug|Any CPU
		{0B807061-8944-7F0E-81D2-D810E607BCC8}.Release|Any CPU.ActiveCfg = Release|Any CPU
		{0B807061-8944-7F0E-81D2-D810E607BCC8}.Release|Any CPU.Build.0 = Release|Any CPU
	EndGlobalSection
	GlobalSection(SolutionProperties) = preSolution
		HideSolutionNode = FALSE
	EndGlobalSection
EndGlobal
